// !$*UTF8*$!
{
	archiveVersion = 1;
	classes = {
	};
	objectVersion = 46;
	objects = {

/* Begin PBXBuildFile section */
		442A68171E2141B600A7C3E8 /* AppDelegate.swift in Sources */ = {isa = PBXBuildFile; fileRef = 442A68161E2141B600A7C3E8 /* AppDelegate.swift */; };
		442A68191E2141B600A7C3E8 /* HamburgerViewController.swift in Sources */ = {isa = PBXBuildFile; fileRef = 442A68181E2141B600A7C3E8 /* HamburgerViewController.swift */; };
		442A681C1E2141B600A7C3E8 /* Main.storyboard in Resources */ = {isa = PBXBuildFile; fileRef = 442A681A1E2141B600A7C3E8 /* Main.storyboard */; };
		442A681E1E2141B600A7C3E8 /* Assets.xcassets in Resources */ = {isa = PBXBuildFile; fileRef = 442A681D1E2141B600A7C3E8 /* Assets.xcassets */; };
		442A68211E2141B600A7C3E8 /* LaunchScreen.storyboard in Resources */ = {isa = PBXBuildFile; fileRef = 442A681F1E2141B600A7C3E8 /* LaunchScreen.storyboard */; };
		442A68291E21432400A7C3E8 /* MenuViewController.swift in Sources */ = {isa = PBXBuildFile; fileRef = 442A68281E21432400A7C3E8 /* MenuViewController.swift */; };
/* End PBXBuildFile section */

/* Begin PBXFileReference section */
		442A68131E2141B600A7C3E8 /* HamburgerMenu.app */ = {isa = PBXFileReference; explicitFileType = wrapper.application; includeInIndex = 0; path = HamburgerMenu.app; sourceTree = BUILT_PRODUCTS_DIR; };
		442A68161E2141B600A7C3E8 /* AppDelegate.swift */ = {isa = PBXFileReference; lastKnownFileType = sourcecode.swift; path = AppDelegate.swift; sourceTree = "<group>"; };
		442A68181E2141B600A7C3E8 /* HamburgerViewController.swift */ = {isa = PBXFileReference; lastKnownFileType = sourcecode.swift; path = HamburgerViewController.swift; sourceTree = "<group>"; };
		442A681B1E2141B600A7C3E8 /* Base */ = {isa = PBXFileReference; lastKnownFileType = file.storyboard; name = Base; path = Base.lproj/Main.storyboard; sourceTree = "<group>"; };
		442A681D1E2141B600A7C3E8 /* Assets.xcassets */ = {isa = PBXFileReference; lastKnownFileType = folder.assetcatalog; path = Assets.xcassets; sourceTree = "<group>"; };
		442A68201E2141B600A7C3E8 /* Base */ = {isa = PBXFileReference; lastKnownFileType = file.storyboard; name = Base; path = Base.lproj/LaunchScreen.storyboard; sourceTree = "<group>"; };
		442A68221E2141B600A7C3E8 /* Info.plist */ = {isa = PBXFileReference; lastKnownFileType = text.plist.xml; path = Info.plist; sourceTree = "<group>"; };
		442A68281E21432400A7C3E8 /* MenuViewController.swift */ = {isa = PBXFileReference; fileEncoding = 4; lastKnownFileType = sourcecode.swift; path = MenuViewController.swift; sourceTree = "<group>"; };
/* End PBXFileReference section */

/* Begin PBXFrameworksBuildPhase section */
		442A68101E2141B600A7C3E8 /* Frameworks */ = {
			isa = PBXFrameworksBuildPhase;
			buildActionMask = 2147483647;
			files = (
			);
			runOnlyForDeploymentPostprocessing = 0;
		};
/* End PBXFrameworksBuildPhase section */

/* Begin PBXGroup section */
		442A680A1E2141B600A7C3E8 = {
			isa = PBXGroup;
			children = (
				442A68151E2141B600A7C3E8 /* HamburgerMenu */,
				442A68141E2141B600A7C3E8 /* Products */,
			);
			sourceTree = "<group>";
		};
		442A68141E2141B600A7C3E8 /* Products */ = {
			isa = PBXGroup;
			children = (
				442A68131E2141B600A7C3E8 /* HamburgerMenu.app */,
			);
			name = Products;
			sourceTree = "<group>";
		};
		442A68151E2141B600A7C3E8 /* HamburgerMenu */ = {
			isa = PBXGroup;
			children = (
				442A68161E2141B600A7C3E8 /* AppDelegate.swift */,
				442A68181E2141B600A7C3E8 /* HamburgerViewController.swift */,
				442A68281E21432400A7C3E8 /* MenuViewController.swift */,
				442A681A1E2141B600A7C3E8 /* Main.storyboard */,
				442A681D1E2141B600A7C3E8 /* Assets.xcassets */,
				442A681F1E2141B600A7C3E8 /* LaunchScreen.storyboard */,
				442A68221E2141B600A7C3E8 /* Info.plist */,
			);
			path = HamburgerMenu;
			sourceTree = "<group>";
		};
/* End PBXGroup section */

/* Begin PBXNativeTarget section */
		442A68121E2141B600A7C3E8 /* HamburgerMenu */ = {
			isa = PBXNativeTarget;
			buildConfigurationList = 442A68251E2141B600A7C3E8 /* Build configuration list for PBXNativeTarget "HamburgerMenu" */;
			buildPhases = (
				442A680F1E2141B600A7C3E8 /* Sources */,
				442A68101E2141B600A7C3E8 /* Frameworks */,
				442A68111E2141B600A7C3E8 /* Resources */,
			);
			buildRules = (
			);
			dependencies = (
			);
			name = HamburgerMenu;
			productName = HamburgerMenu;
			productReference = 442A68131E2141B600A7C3E8 /* HamburgerMenu.app */;
			productType = "com.apple.product-type.application";
		};
/* End PBXNativeTarget section */

/* Begin PBXProject section */
		442A680B1E2141B600A7C3E8 /* Project object */ = {
			isa = PBXProject;
			attributes = {
				LastSwiftUpdateCheck = 0820;
				LastUpgradeCheck = 0820;
				ORGANIZATIONNAME = "Mary Martinez";
				TargetAttributes = {
					442A68121E2141B600A7C3E8 = {
						CreatedOnToolsVersion = 8.2.1;
						DevelopmentTeam = 6NZ47HJYTD;
						ProvisioningStyle = Automatic;
					};
				};
			};
			buildConfigurationList = 442A680E1E2141B600A7C3E8 /* Build configuration list for PBXProject "HamburgerMenu" */;
			compatibilityVersion = "Xcode 3.2";
			developmentRegion = English;
			hasScannedForEncodings = 0;
			knownRegions = (
				en,
				Base,
			);
			mainGroup = 442A680A1E2141B600A7C3E8;
			productRefGroup = 442A68141E2141B600A7C3E8 /* Products */;
			projectDirPath = "";
			projectRoot = "";
			targets = (
				442A68121E2141B600A7C3E8 /* HamburgerMenu */,
			);
		};
/* End PBXProject section */

/* Begin PBXResourcesBuildPhase section */
		442A68111E2141B600A7C3E8 /* Resources */ = {
			isa = PBXResourcesBuildPhase;
			buildActionMask = 2147483647;
			files = (
				442A68211E2141B600A7C3E8 /* LaunchScreen.storyboard in Resources */,
				442A681E1E2141B600A7C3E8 /* Assets.xcassets in Resources */,
				442A681C1E2141B600A7C3E8 /* Main.storyboard in Resources */,
			);
			runOnlyForDeploymentPostprocessing = 0;
		};
/* End PBXResourcesBuildPhase section */

/* Begin PBXSourcesBuildPhase section */
		442A680F1E2141B600A7C3E8 /* Sources */ = {
			isa = PBXSourcesBuildPhase;
			buildActionMask = 2147483647;
			files = (
				442A68191E2141B600A7C3E8 /* HamburgerViewController.swift in Sources */,
				442A68291E21432400A7C3E8 /* MenuViewController.swift in Sources */,
				442A68171E2141B600A7C3E8 /* AppDelegate.swift in Sources */,
			);
			runOnlyForDeploymentPostprocessing = 0;
		};
/* End PBXSourcesBuildPhase section */

/* Begin PBXVariantGroup section */
		442A681A1E2141B600A7C3E8 /* Main.storyboard */ = {
			isa = PBXVariantGroup;
			children = (
				442A681B1E2141B600A7C3E8 /* Base */,
			);
			name = Main.storyboard;
			sourceTree = "<group>";
		};
		442A681F1E2141B600A7C3E8 /* LaunchScreen.storyboard */ = {
			isa = PBXVariantGroup;
			children = (
				442A68201E2141B600A7C3E8 /* Base */,
			);
			name = LaunchScreen.storyboard;
			sourceTree = "<group>";
		};
/* End PBXVariantGroup section */

/* Begin XCBuildConfiguration section */
		442A68231E2141B600A7C3E8 /* Debug */ = {
			isa = XCBuildConfiguration;
			buildSettings = {
				ALWAYS_SEARCH_USER_PATHS = NO;
				CLANG_ANALYZER_NONNULL = YES;
				CLANG_CXX_LANGUAGE_STANDARD = "gnu++0x";
				CLANG_CXX_LIBRARY = "libc++";
				CLANG_ENABLE_MODULES = YES;
				CLANG_ENABLE_OBJC_ARC = YES;
				CLANG_WARN_BOOL_CONVERSION = YES;
				CLANG_WARN_CONSTANT_CONVERSION = YES;
				CLANG_WARN_DIRECT_OBJC_ISA_USAGE = YES_ERROR;
				CLANG_WARN_DOCUMENTATION_COMMENTS = YES;
				CLANG_WARN_EMPTY_BODY = YES;
				CLANG_WARN_ENUM_CONVERSION = YES;
				CLANG_WARN_INFINITE_RECURSION = YES;
				CLANG_WARN_INT_CONVERSION = YES;
				CLANG_WARN_OBJC_ROOT_CLASS = YES_ERROR;
				CLANG_WARN_SUSPICIOUS_MOVE = YES;
				CLANG_WARN_UNREACHABLE_CODE = YES;
				CLANG_WARN__DUPLICATE_METHOD_MATCH = YES;
				"CODE_SIGN_IDENTITY[sdk=iphoneos*]" = "iPhone Developer";
				COPY_PHASE_STRIP = NO;
				DEBUG_INFORMATION_FORMAT = dwarf;
				ENABLE_STRICT_OBJC_MSGSEND = YES;
				ENABLE_TESTABILITY = YES;
				GCC_C_LANGUAGE_STANDARD = gnu99;
				GCC_DYNAMIC_NO_PIC = NO;
				GCC_NO_COMMON_BLOCKS = YES;
				GCC_OPTIMIZATION_LEVEL = 0;
				GCC_PREPROCESSOR_DEFINITIONS = (
					"DEBUG=1",
					"$(inherited)",
				);
				GCC_WARN_64_TO_32_BIT_CONVERSION = YES;
				GCC_WARN_ABOUT_RETURN_TYPE = YES_ERROR;
				GCC_WARN_UNDECLARED_SELECTOR = YES;
				GCC_WARN_UNINITIALIZED_AUTOS = YES_AGGRESSIVE;
				GCC_WARN_UNUSED_FUNCTION = YES;
				GCC_WARN_UNUSED_VARIABLE = YES;
				IPHONEOS_DEPLOYMENT_TARGET = 10.2;
				MTL_ENABLE_DEBUG_INFO = YES;
				ONLY_ACTIVE_ARCH = YES;
				SDKROOT = iphoneos;
				SWIFT_ACTIVE_COMPILATION_CONDITIONS = DEBUG;
				SWIFT_OPTIMIZATION_LEVEL = "-Onone";
				TARGETED_DEVICE_FAMILY = "1,2";
			};
			name = Debug;
		};
		442A68241E2141B600A7C3E8 /* Release */ = {
			isa = XCBuildConfiguration;
			buildSettings = {
				ALWAYS_SEARCH_USER_PATHS = NO;
				CLANG_ANALYZER_NONNULL = YES;
				CLANG_CXX_LANGUAGE_STANDARD = "gnu++0x";
				CLANG_CXX_LIBRARY = "libc++";
				CLANG_ENABLE_MODULES = YES;
				CLANG_ENABLE_OBJC_ARC = YES;
				CLANG_WARN_BOOL_CONVERSION = YES;
				CLANG_WARN_CONSTANT_CONVERSION = YES;
				CLANG_WARN_DIRECT_OBJC_ISA_USAGE = YES_ERROR;
				CLANG_WARN_DOCUMENTATION_COMMENTS = YES;
				CLANG_WARN_EMPTY_BODY = YES;
				CLANG_WARN_ENUM_CONVERSION = YES;
				CLANG_WARN_INFINITE_RECURSION = YES;
				CLANG_WARN_INT_CONVERSION = YES;
				CLANG_WARN_OBJC_ROOT_CLASS = YES_ERROR;
				CLANG_WARN_SUSPICIOUS_MOVE = YES;
				CLANG_WARN_UNREACHABLE_CODE = YES;
				CLANG_WARN__DUPLICATE_METHOD_MATCH = YES;
				"CODE_SIGN_IDENTITY[sdk=iphoneos*]" = "iPhone Developer";
				COPY_PHASE_STRIP = NO;
				DEBUG_INFORMATION_FORMAT = "dwarf-with-dsym";
				ENABLE_NS_ASSERTIONS = NO;
				ENABLE_STRICT_OBJC_MSGSEND = YES;
				GCC_C_LANGUAGE_STANDARD = gnu99;
				GCC_NO_COMMON_BLOCKS = YES;
				GCC_WARN_64_TO_32_BIT_CONVERSION = YES;
				GCC_WARN_ABOUT_RETURN_TYPE = YES_ERROR;
				GCC_WARN_UNDECLARED_SELECTOR = YES;
				GCC_WARN_UNINITIALIZED_AUTOS = YES_AGGRESSIVE;
				GCC_WARN_UNUSED_FUNCTION = YES;
				GCC_WARN_UNUSED_VARIABLE = YES;
				IPHONEOS_DEPLOYMENT_TARGET = 10.2;
				MTL_ENABLE_DEBUG_INFO = NO;
				SDKROOT = iphoneos;
				SWIFT_OPTIMIZATION_LEVEL = "-Owholemodule";
				TARGETED_DEVICE_FAMILY = "1,2";
				VALIDATE_PRODUCT = YES;
			};
			name = Release;
		};
		442A68261E2141B600A7C3E8 /* Debug */ = {
			isa = XCBuildConfiguration;
			buildSettings = {
				ASSETCATALOG_COMPILER_APPICON_NAME = AppIcon;
				DEVELOPMENT_TEAM = 6NZ47HJYTD;
				INFOPLIST_FILE = HamburgerMenu/Info.plist;
				LD_RUNPATH_SEARCH_PATHS = "$(inherited) @executable_path/Frameworks";
				PRODUCT_BUNDLE_IDENTIFIER = com.mmartinez.HamburgerMenu;
				PRODUCT_NAME = "$(TARGET_NAME)";
				SWIFT_VERSION = 3.0;
			};
			name = Debug;
		};
		442A68271E2141B600A7C3E8 /* Release */ = {
			isa = XCBuildConfiguration;
			buildSettings = {
				ASSETCATALOG_COMPILER_APPICON_NAME = AppIcon;
				DEVELOPMENT_TEAM = 6NZ47HJYTD;
				INFOPLIST_FILE = HamburgerMenu/Info.plist;
				LD_RUNPATH_SEARCH_PATHS = "$(inherited) @executable_path/Frameworks";
				PRODUCT_BUNDLE_IDENTIFIER = com.mmartinez.HamburgerMenu;
				PRODUCT_NAME = "$(TARGET_NAME)";
				SWIFT_VERSION = 3.0;
			};
			name = Release;
		};
/* End XCBuildConfiguration section */

/* Begin XCConfigurationList section */
		442A680E1E2141B600A7C3E8 /* Build configuration list for PBXProject "HamburgerMenu" */ = {
			isa = XCConfigurationList;
			buildConfigurations = (
				442A68231E2141B600A7C3E8 /* Debug */,
				442A68241E2141B600A7C3E8 /* Release */,
			);
			defaultConfigurationIsVisible = 0;
			defaultConfigurationName = Release;
		};
		442A68251E2141B600A7C3E8 /* Build configuration list for PBXNativeTarget "HamburgerMenu" */ = {
			isa = XCConfigurationList;
			buildConfigurations = (
				442A68261E2141B600A7C3E8 /* Debug */,
				442A68271E2141B600A7C3E8 /* Release */,
			);
			defaultConfigurationIsVisible = 0;
			defaultConfigurationName = Release;
		};
/* End XCConfigurationList section */
	};
	rootObject = 442A680B1E2141B600A7C3E8 /* Project object */;
}
